// !$*UTF8*$!
{
	archiveVersion = 1;
	classes = {
	};
	objectVersion = 48;
	objects = {

/* Begin PBXBuildFile section */
		4D3D623D1F99CB87008BA0A1 /* libopencv_highgui.3.3.0.dylib in Frameworks */ = {isa = PBXBuildFile; fileRef = 4D3D622C1F99CB86008BA0A1 /* libopencv_highgui.3.3.0.dylib */; };
		4D3D623E1F99CB87008BA0A1 /* libopencv_videostab.3.3.0.dylib in Frameworks */ = {isa = PBXBuildFile; fileRef = 4D3D622D1F99CB86008BA0A1 /* libopencv_videostab.3.3.0.dylib */; };
		4D3D623F1F99CB87008BA0A1 /* libopencv_objdetect.3.3.0.dylib in Frameworks */ = {isa = PBXBuildFile; fileRef = 4D3D622E1F99CB86008BA0A1 /* libopencv_objdetect.3.3.0.dylib */; };
		4D3D62401F99CB87008BA0A1 /* libopencv_stitching.3.3.0.dylib in Frameworks */ = {isa = PBXBuildFile; fileRef = 4D3D622F1F99CB86008BA0A1 /* libopencv_stitching.3.3.0.dylib */; };
		4D3D62411F99CB87008BA0A1 /* libopencv_imgproc.3.3.0.dylib in Frameworks */ = {isa = PBXBuildFile; fileRef = 4D3D62301F99CB86008BA0A1 /* libopencv_imgproc.3.3.0.dylib */; };
		4D3D62421F99CB87008BA0A1 /* libopencv_ml.3.3.0.dylib in Frameworks */ = {isa = PBXBuildFile; fileRef = 4D3D62311F99CB86008BA0A1 /* libopencv_ml.3.3.0.dylib */; };
		4D3D62431F99CB87008BA0A1 /* libopencv_shape.3.3.0.dylib in Frameworks */ = {isa = PBXBuildFile; fileRef = 4D3D62321F99CB86008BA0A1 /* libopencv_shape.3.3.0.dylib */; };
		4D3D62441F99CB87008BA0A1 /* libopencv_dnn.3.3.0.dylib in Frameworks */ = {isa = PBXBuildFile; fileRef = 4D3D62331F99CB86008BA0A1 /* libopencv_dnn.3.3.0.dylib */; };
		4D3D62451F99CB87008BA0A1 /* libopencv_features2d.3.3.0.dylib in Frameworks */ = {isa = PBXBuildFile; fileRef = 4D3D62341F99CB86008BA0A1 /* libopencv_features2d.3.3.0.dylib */; };
		4D3D62461F99CB87008BA0A1 /* libopencv_photo.3.3.0.dylib in Frameworks */ = {isa = PBXBuildFile; fileRef = 4D3D62351F99CB86008BA0A1 /* libopencv_photo.3.3.0.dylib */; };
		4D3D62471F99CB87008BA0A1 /* libopencv_video.3.3.0.dylib in Frameworks */ = {isa = PBXBuildFile; fileRef = 4D3D62361F99CB87008BA0A1 /* libopencv_video.3.3.0.dylib */; };
		4D3D62481F99CB87008BA0A1 /* libopencv_videoio.3.3.0.dylib in Frameworks */ = {isa = PBXBuildFile; fileRef = 4D3D62371F99CB87008BA0A1 /* libopencv_videoio.3.3.0.dylib */; };
		4D3D62491F99CB87008BA0A1 /* libopencv_flann.3.3.0.dylib in Frameworks */ = {isa = PBXBuildFile; fileRef = 4D3D62381F99CB87008BA0A1 /* libopencv_flann.3.3.0.dylib */; };
		4D3D624A1F99CB87008BA0A1 /* libopencv_calib3d.3.3.0.dylib in Frameworks */ = {isa = PBXBuildFile; fileRef = 4D3D62391F99CB87008BA0A1 /* libopencv_calib3d.3.3.0.dylib */; };
		4D3D624B1F99CB87008BA0A1 /* libopencv_superres.3.3.0.dylib in Frameworks */ = {isa = PBXBuildFile; fileRef = 4D3D623A1F99CB87008BA0A1 /* libopencv_superres.3.3.0.dylib */; };
		4D3D624C1F99CB87008BA0A1 /* libopencv_core.3.3.0.dylib in Frameworks */ = {isa = PBXBuildFile; fileRef = 4D3D623B1F99CB87008BA0A1 /* libopencv_core.3.3.0.dylib */; };
		4D3D624D1F99CB87008BA0A1 /* libopencv_imgcodecs.3.3.0.dylib in Frameworks */ = {isa = PBXBuildFile; fileRef = 4D3D623C1F99CB87008BA0A1 /* libopencv_imgcodecs.3.3.0.dylib */; };
		4DD438CD1F97011700490093 /* main.cpp in Sources */ = {isa = PBXBuildFile; fileRef = 4DD438CC1F97011700490093 /* main.cpp */; };
/* End PBXBuildFile section */

/* Begin PBXCopyFilesBuildPhase section */
		4DD438C71F97011700490093 /* CopyFiles */ = {
			isa = PBXCopyFilesBuildPhase;
			buildActionMask = 2147483647;
			dstPath = /usr/share/man/man1/;
			dstSubfolderSpec = 0;
			files = (
			);
			runOnlyForDeploymentPostprocessing = 1;
		};
/* End PBXCopyFilesBuildPhase section */

/* Begin PBXFileReference section */
		4D3D622C1F99CB86008BA0A1 /* libopencv_highgui.3.3.0.dylib */ = {isa = PBXFileReference; lastKnownFileType = "compiled.mach-o.dylib"; name = libopencv_highgui.3.3.0.dylib; path = ../../../../usr/local/lib/libopencv_highgui.3.3.0.dylib; sourceTree = "<group>"; };
		4D3D622D1F99CB86008BA0A1 /* libopencv_videostab.3.3.0.dylib */ = {isa = PBXFileReference; lastKnownFileType = "compiled.mach-o.dylib"; name = libopencv_videostab.3.3.0.dylib; path = ../../../../usr/local/lib/libopencv_videostab.3.3.0.dylib; sourceTree = "<group>"; };
		4D3D622E1F99CB86008BA0A1 /* libopencv_objdetect.3.3.0.dylib */ = {isa = PBXFileReference; lastKnownFileType = "compiled.mach-o.dylib"; name = libopencv_objdetect.3.3.0.dylib; path = ../../../../usr/local/lib/libopencv_objdetect.3.3.0.dylib; sourceTree = "<group>"; };
		4D3D622F1F99CB86008BA0A1 /* libopencv_stitching.3.3.0.dylib */ = {isa = PBXFileReference; lastKnownFileType = "compiled.mach-o.dylib"; name = libopencv_stitching.3.3.0.dylib; path = ../../../../usr/local/lib/libopencv_stitching.3.3.0.dylib; sourceTree = "<group>"; };
		4D3D62301F99CB86008BA0A1 /* libopencv_imgproc.3.3.0.dylib */ = {isa = PBXFileReference; lastKnownFileType = "compiled.mach-o.dylib"; name = libopencv_imgproc.3.3.0.dylib; path = ../../../../usr/local/lib/libopencv_imgproc.3.3.0.dylib; sourceTree = "<group>"; };
		4D3D62311F99CB86008BA0A1 /* libopencv_ml.3.3.0.dylib */ = {isa = PBXFileReference; lastKnownFileType = "compiled.mach-o.dylib"; name = libopencv_ml.3.3.0.dylib; path = ../../../../usr/local/lib/libopencv_ml.3.3.0.dylib; sourceTree = "<group>"; };
		4D3D62321F99CB86008BA0A1 /* libopencv_shape.3.3.0.dylib */ = {isa = PBXFileReference; lastKnownFileType = "compiled.mach-o.dylib"; name = libopencv_shape.3.3.0.dylib; path = ../../../../usr/local/lib/libopencv_shape.3.3.0.dylib; sourceTree = "<group>"; };
		4D3D62331F99CB86008BA0A1 /* libopencv_dnn.3.3.0.dylib */ = {isa = PBXFileReference; lastKnownFileType = "compiled.mach-o.dylib"; name = libopencv_dnn.3.3.0.dylib; path = ../../../../usr/local/lib/libopencv_dnn.3.3.0.dylib; sourceTree = "<group>"; };
		4D3D62341F99CB86008BA0A1 /* libopencv_features2d.3.3.0.dylib */ = {isa = PBXFileReference; lastKnownFileType = "compiled.mach-o.dylib"; name = libopencv_features2d.3.3.0.dylib; path = ../../../../usr/local/lib/libopencv_features2d.3.3.0.dylib; sourceTree = "<group>"; };
		4D3D62351F99CB86008BA0A1 /* libopencv_photo.3.3.0.dylib */ = {isa = PBXFileReference; lastKnownFileType = "compiled.mach-o.dylib"; name = libopencv_photo.3.3.0.dylib; path = ../../../../usr/local/lib/libopencv_photo.3.3.0.dylib; sourceTree = "<group>"; };
		4D3D62361F99CB87008BA0A1 /* libopencv_video.3.3.0.dylib */ = {isa = PBXFileReference; lastKnownFileType = "compiled.mach-o.dylib"; name = libopencv_video.3.3.0.dylib; path = ../../../../usr/local/lib/libopencv_video.3.3.0.dylib; sourceTree = "<group>"; };
		4D3D62371F99CB87008BA0A1 /* libopencv_videoio.3.3.0.dylib */ = {isa = PBXFileReference; lastKnownFileType = "compiled.mach-o.dylib"; name = libopencv_videoio.3.3.0.dylib; path = ../../../../usr/local/lib/libopencv_videoio.3.3.0.dylib; sourceTree = "<group>"; };
		4D3D62381F99CB87008BA0A1 /* libopencv_flann.3.3.0.dylib */ = {isa = PBXFileReference; lastKnownFileType = "compiled.mach-o.dylib"; name = libopencv_flann.3.3.0.dylib; path = ../../../../usr/local/lib/libopencv_flann.3.3.0.dylib; sourceTree = "<group>"; };
		4D3D62391F99CB87008BA0A1 /* libopencv_calib3d.3.3.0.dylib */ = {isa = PBXFileReference; lastKnownFileType = "compiled.mach-o.dylib"; name = libopencv_calib3d.3.3.0.dylib; path = ../../../../usr/local/lib/libopencv_calib3d.3.3.0.dylib; sourceTree = "<group>"; };
		4D3D623A1F99CB87008BA0A1 /* libopencv_superres.3.3.0.dylib */ = {isa = PBXFileReference; lastKnownFileType = "compiled.mach-o.dylib"; name = libopencv_superres.3.3.0.dylib; path = ../../../../usr/local/lib/libopencv_superres.3.3.0.dylib; sourceTree = "<group>"; };
		4D3D623B1F99CB87008BA0A1 /* libopencv_core.3.3.0.dylib */ = {isa = PBXFileReference; lastKnownFileType = "compiled.mach-o.dylib"; name = libopencv_core.3.3.0.dylib; path = ../../../../usr/local/lib/libopencv_core.3.3.0.dylib; sourceTree = "<group>"; };
		4D3D623C1F99CB87008BA0A1 /* libopencv_imgcodecs.3.3.0.dylib */ = {isa = PBXFileReference; lastKnownFileType = "compiled.mach-o.dylib"; name = libopencv_imgcodecs.3.3.0.dylib; path = ../../../../usr/local/lib/libopencv_imgcodecs.3.3.0.dylib; sourceTree = "<group>"; };
		4D3D624E1F99CCF2008BA0A1 /* Otsu.h */ = {isa = PBXFileReference; lastKnownFileType = sourcecode.c.h; path = Otsu.h; sourceTree = "<group>"; };
		4D3D62551F9F1A91008BA0A1 /* ICM.h */ = {isa = PBXFileReference; lastKnownFileType = sourcecode.c.h; path = ICM.h; sourceTree = "<group>"; };
		4D3D62561F9F789B008BA0A1 /* Othucolor.h */ = {isa = PBXFileReference; lastKnownFileType = sourcecode.c.h; path = Othucolor.h; sourceTree = "<group>"; };
		4D46AC051FD7125B00E562A8 /* Sobel.h */ = {isa = PBXFileReference; lastKnownFileType = sourcecode.c.h; path = Sobel.h; sourceTree = "<group>"; };
		4D46AC061FD7144B00E562A8 /* readRawfile.h */ = {isa = PBXFileReference; lastKnownFileType = sourcecode.c.h; path = readRawfile.h; sourceTree = "<group>"; };
		4DD438C91F97011700490093 /* Segmentation_ImageAnalysis */ = {isa = PBXFileReference; explicitFileType = "compiled.mach-o.executable"; includeInIndex = 0; path = Segmentation_ImageAnalysis; sourceTree = BUILT_PRODUCTS_DIR; };
		4DD438CC1F97011700490093 /* main.cpp */ = {isa = PBXFileReference; lastKnownFileType = sourcecode.cpp.cpp; path = main.cpp; sourceTree = "<group>"; };
/* End PBXFileReference section */

/* Begin PBXFrameworksBuildPhase section */
		4DD438C61F97011700490093 /* Frameworks */ = {
			isa = PBXFrameworksBuildPhase;
			buildActionMask = 2147483647;
			files = (
				4D3D62491F99CB87008BA0A1 /* libopencv_flann.3.3.0.dylib in Frameworks */,
				4D3D62451F99CB87008BA0A1 /* libopencv_features2d.3.3.0.dylib in Frameworks */,
				4D3D62431F99CB87008BA0A1 /* libopencv_shape.3.3.0.dylib in Frameworks */,
				4D3D623D1F99CB87008BA0A1 /* libopencv_highgui.3.3.0.dylib in Frameworks */,
				4D3D624A1F99CB87008BA0A1 /* libopencv_calib3d.3.3.0.dylib in Frameworks */,
				4D3D624B1F99CB87008BA0A1 /* libopencv_superres.3.3.0.dylib in Frameworks */,
				4D3D624C1F99CB87008BA0A1 /* libopencv_core.3.3.0.dylib in Frameworks */,
				4D3D62411F99CB87008BA0A1 /* libopencv_imgproc.3.3.0.dylib in Frameworks */,
				4D3D62471F99CB87008BA0A1 /* libopencv_video.3.3.0.dylib in Frameworks */,
				4D3D62421F99CB87008BA0A1 /* libopencv_ml.3.3.0.dylib in Frameworks */,
				4D3D62441F99CB87008BA0A1 /* libopencv_dnn.3.3.0.dylib in Frameworks */,
				4D3D624D1F99CB87008BA0A1 /* libopencv_imgcodecs.3.3.0.dylib in Frameworks */,
				4D3D62461F99CB87008BA0A1 /* libopencv_photo.3.3.0.dylib in Frameworks */,
				4D3D623E1F99CB87008BA0A1 /* libopencv_videostab.3.3.0.dylib in Frameworks */,
				4D3D623F1F99CB87008BA0A1 /* libopencv_objdetect.3.3.0.dylib in Frameworks */,
				4D3D62401F99CB87008BA0A1 /* libopencv_stitching.3.3.0.dylib in Frameworks */,
				4D3D62481F99CB87008BA0A1 /* libopencv_videoio.3.3.0.dylib in Frameworks */,
			);
			runOnlyForDeploymentPostprocessing = 0;
		};
/* End PBXFrameworksBuildPhase section */

/* Begin PBXGroup section */
		4DD438C01F97011700490093 = {
			isa = PBXGroup;
			children = (
				4D3D62391F99CB87008BA0A1 /* libopencv_calib3d.3.3.0.dylib */,
				4D3D623B1F99CB87008BA0A1 /* libopencv_core.3.3.0.dylib */,
				4D3D62331F99CB86008BA0A1 /* libopencv_dnn.3.3.0.dylib */,
				4D3D62341F99CB86008BA0A1 /* libopencv_features2d.3.3.0.dylib */,
				4D3D62381F99CB87008BA0A1 /* libopencv_flann.3.3.0.dylib */,
				4D3D622C1F99CB86008BA0A1 /* libopencv_highgui.3.3.0.dylib */,
				4D3D623C1F99CB87008BA0A1 /* libopencv_imgcodecs.3.3.0.dylib */,
				4D3D62301F99CB86008BA0A1 /* libopencv_imgproc.3.3.0.dylib */,
				4D3D62311F99CB86008BA0A1 /* libopencv_ml.3.3.0.dylib */,
				4D3D622E1F99CB86008BA0A1 /* libopencv_objdetect.3.3.0.dylib */,
				4D3D62351F99CB86008BA0A1 /* libopencv_photo.3.3.0.dylib */,
				4D3D62321F99CB86008BA0A1 /* libopencv_shape.3.3.0.dylib */,
				4D3D622F1F99CB86008BA0A1 /* libopencv_stitching.3.3.0.dylib */,
				4D3D623A1F99CB87008BA0A1 /* libopencv_superres.3.3.0.dylib */,
				4D3D62361F99CB87008BA0A1 /* libopencv_video.3.3.0.dylib */,
				4D3D62371F99CB87008BA0A1 /* libopencv_videoio.3.3.0.dylib */,
				4D3D622D1F99CB86008BA0A1 /* libopencv_videostab.3.3.0.dylib */,
				4DD438CB1F97011700490093 /* Segmentation_ImageAnalysis */,
				4DD438CA1F97011700490093 /* Products */,
			);
			sourceTree = "<group>";
		};
		4DD438CA1F97011700490093 /* Products */ = {
			isa = PBXGroup;
			children = (
				4DD438C91F97011700490093 /* Segmentation_ImageAnalysis */,
			);
			name = Products;
			sourceTree = "<group>";
		};
		4DD438CB1F97011700490093 /* Segmentation_ImageAnalysis */ = {
			isa = PBXGroup;
			children = (
				4DD438CC1F97011700490093 /* main.cpp */,
				4D46AC061FD7144B00E562A8 /* readRawfile.h */,
				4D3D624E1F99CCF2008BA0A1 /* Otsu.h */,
				4D46AC051FD7125B00E562A8 /* Sobel.h */,
				4D3D62561F9F789B008BA0A1 /* Othucolor.h */,
				4D3D62551F9F1A91008BA0A1 /* ICM.h */,
			);
			path = Segmentation_ImageAnalysis;
			sourceTree = "<group>";
		};
/* End PBXGroup section */

/* Begin PBXNativeTarget section */
		4DD438C81F97011700490093 /* Segmentation_ImageAnalysis */ = {
			isa = PBXNativeTarget;
			buildConfigurationList = 4DD438D01F97011700490093 /* Build configuration list for PBXNativeTarget "Segmentation_ImageAnalysis" */;
			buildPhases = (
				4DD438C51F97011700490093 /* Sources */,
				4DD438C61F97011700490093 /* Frameworks */,
				4DD438C71F97011700490093 /* CopyFiles */,
			);
			buildRules = (
			);
			dependencies = (
			);
			name = Segmentation_ImageAnalysis;
			productName = Segmentation_ImageAnalysis;
			productReference = 4DD438C91F97011700490093 /* Segmentation_ImageAnalysis */;
			productType = "com.apple.product-type.tool";
		};
/* End PBXNativeTarget section */

/* Begin PBXProject section */
		4DD438C11F97011700490093 /* Project object */ = {
			isa = PBXProject;
			attributes = {
				LastUpgradeCheck = 0900;
				ORGANIZATIONNAME = "宋題均";
				TargetAttributes = {
					4DD438C81F97011700490093 = {
						CreatedOnToolsVersion = 9.0;
						ProvisioningStyle = Automatic;
					};
				};
			};
			buildConfigurationList = 4DD438C41F97011700490093 /* Build configuration list for PBXProject "Segmentation_ImageAnalysis" */;
			compatibilityVersion = "Xcode 8.0";
			developmentRegion = en;
			hasScannedForEncodings = 0;
			knownRegions = (
				en,
			);
			mainGroup = 4DD438C01F97011700490093;
			productRefGroup = 4DD438CA1F97011700490093 /* Products */;
			projectDirPath = "";
			projectRoot = "";
			targets = (
				4DD438C81F97011700490093 /* Segmentation_ImageAnalysis */,
			);
		};
/* End PBXProject section */

/* Begin PBXSourcesBuildPhase section */
		4DD438C51F97011700490093 /* Sources */ = {
			isa = PBXSourcesBuildPhase;
			buildActionMask = 2147483647;
			files = (
				4DD438CD1F97011700490093 /* main.cpp in Sources */,
			);
			runOnlyForDeploymentPostprocessing = 0;
		};
/* End PBXSourcesBuildPhase section */

/* Begin XCBuildConfiguration section */
		4DD438CE1F97011700490093 /* Debug */ = {
			isa = XCBuildConfiguration;
			buildSettings = {
				ALWAYS_SEARCH_USER_PATHS = NO;
				CLANG_ANALYZER_NONNULL = YES;
				CLANG_ANALYZER_NUMBER_OBJECT_CONVERSION = YES_AGGRESSIVE;
				CLANG_CXX_LANGUAGE_STANDARD = "gnu++14";
				CLANG_CXX_LIBRARY = "libc++";
				CLANG_ENABLE_MODULES = YES;
				CLANG_ENABLE_OBJC_ARC = YES;
				CLANG_WARN_BLOCK_CAPTURE_AUTORELEASING = YES;
				CLANG_WARN_BOOL_CONVERSION = YES;
				CLANG_WARN_COMMA = YES;
				CLANG_WARN_CONSTANT_CONVERSION = YES;
				CLANG_WARN_DIRECT_OBJC_ISA_USAGE = YES_ERROR;
				CLANG_WARN_DOCUMENTATION_COMMENTS = YES;
				CLANG_WARN_EMPTY_BODY = YES;
				CLANG_WARN_ENUM_CONVERSION = YES;
				CLANG_WARN_INFINITE_RECURSION = YES;
				CLANG_WARN_INT_CONVERSION = YES;
				CLANG_WARN_NON_LITERAL_NULL_CONVERSION = YES;
				CLANG_WARN_OBJC_LITERAL_CONVERSION = YES;
				CLANG_WARN_OBJC_ROOT_CLASS = YES_ERROR;
				CLANG_WARN_RANGE_LOOP_ANALYSIS = YES;
				CLANG_WARN_STRICT_PROTOTYPES = YES;
				CLANG_WARN_SUSPICIOUS_MOVE = YES;
				CLANG_WARN_UNGUARDED_AVAILABILITY = YES_AGGRESSIVE;
				CLANG_WARN_UNREACHABLE_CODE = YES;
				CLANG_WARN__DUPLICATE_METHOD_MATCH = YES;
				CODE_SIGN_IDENTITY = "-";
				COPY_PHASE_STRIP = NO;
				DEBUG_INFORMATION_FORMAT = dwarf;
				ENABLE_STRICT_OBJC_MSGSEND = YES;
				ENABLE_TESTABILITY = YES;
				GCC_C_LANGUAGE_STANDARD = gnu11;
				GCC_DYNAMIC_NO_PIC = NO;
				GCC_NO_COMMON_BLOCKS = YES;
				GCC_OPTIMIZATION_LEVEL = 0;
				GCC_PREPROCESSOR_DEFINITIONS = (
					"DEBUG=1",
					"$(inherited)",
				);
				GCC_WARN_64_TO_32_BIT_CONVERSION = YES;
				GCC_WARN_ABOUT_RETURN_TYPE = YES_ERROR;
				GCC_WARN_UNDECLARED_SELECTOR = YES;
				GCC_WARN_UNINITIALIZED_AUTOS = YES_AGGRESSIVE;
				GCC_WARN_UNUSED_FUNCTION = YES;
				GCC_WARN_UNUSED_VARIABLE = YES;
				MACOSX_DEPLOYMENT_TARGET = 10.12;
				MTL_ENABLE_DEBUG_INFO = YES;
				ONLY_ACTIVE_ARCH = YES;
				SDKROOT = macosx;
			};
			name = Debug;
		};
		4DD438CF1F97011700490093 /* Release */ = {
			isa = XCBuildConfiguration;
			buildSettings = {
				ALWAYS_SEARCH_USER_PATHS = NO;
				CLANG_ANALYZER_NONNULL = YES;
				CLANG_ANALYZER_NUMBER_OBJECT_CONVERSION = YES_AGGRESSIVE;
				CLANG_CXX_LANGUAGE_STANDARD = "gnu++14";
				CLANG_CXX_LIBRARY = "libc++";
				CLANG_ENABLE_MODULES = YES;
				CLANG_ENABLE_OBJC_ARC = YES;
				CLANG_WARN_BLOCK_CAPTURE_AUTORELEASING = YES;
				CLANG_WARN_BOOL_CONVERSION = YES;
				CLANG_WARN_COMMA = YES;
				CLANG_WARN_CONSTANT_CONVERSION = YES;
				CLANG_WARN_DIRECT_OBJC_ISA_USAGE = YES_ERROR;
				CLANG_WARN_DOCUMENTATION_COMMENTS = YES;
				CLANG_WARN_EMPTY_BODY = YES;
				CLANG_WARN_ENUM_CONVERSION = YES;
				CLANG_WARN_INFINITE_RECURSION = YES;
				CLANG_WARN_INT_CONVERSION = YES;
				CLANG_WARN_NON_LITERAL_NULL_CONVERSION = YES;
				CLANG_WARN_OBJC_LITERAL_CONVERSION = YES;
				CLANG_WARN_OBJC_ROOT_CLASS = YES_ERROR;
				CLANG_WARN_RANGE_LOOP_ANALYSIS = YES;
				CLANG_WARN_STRICT_PROTOTYPES = YES;
				CLANG_WARN_SUSPICIOUS_MOVE = YES;
				CLANG_WARN_UNGUARDED_AVAILABILITY = YES_AGGRESSIVE;
				CLANG_WARN_UNREACHABLE_CODE = YES;
				CLANG_WARN__DUPLICATE_METHOD_MATCH = YES;
				CODE_SIGN_IDENTITY = "-";
				COPY_PHASE_STRIP = NO;
				DEBUG_INFORMATION_FORMAT = "dwarf-with-dsym";
				ENABLE_NS_ASSERTIONS = NO;
				ENABLE_STRICT_OBJC_MSGSEND = YES;
				GCC_C_LANGUAGE_STANDARD = gnu11;
				GCC_NO_COMMON_BLOCKS = YES;
				GCC_WARN_64_TO_32_BIT_CONVERSION = YES;
				GCC_WARN_ABOUT_RETURN_TYPE = YES_ERROR;
				GCC_WARN_UNDECLARED_SELECTOR = YES;
				GCC_WARN_UNINITIALIZED_AUTOS = YES_AGGRESSIVE;
				GCC_WARN_UNUSED_FUNCTION = YES;
				GCC_WARN_UNUSED_VARIABLE = YES;
				MACOSX_DEPLOYMENT_TARGET = 10.12;
				MTL_ENABLE_DEBUG_INFO = NO;
				SDKROOT = macosx;
			};
			name = Release;
		};
		4DD438D11F97011700490093 /* Debug */ = {
			isa = XCBuildConfiguration;
			buildSettings = {
				CODE_SIGN_STYLE = Automatic;
				HEADER_SEARCH_PATHS = /usr/local/include;
				LIBRARY_SEARCH_PATHS = /usr/local/lib;
				PRODUCT_NAME = "$(TARGET_NAME)";
			};
			name = Debug;
		};
		4DD438D21F97011700490093 /* Release */ = {
			isa = XCBuildConfiguration;
			buildSettings = {
				CODE_SIGN_STYLE = Automatic;
				HEADER_SEARCH_PATHS = /usr/local/include;
				LIBRARY_SEARCH_PATHS = /usr/local/lib;
				PRODUCT_NAME = "$(TARGET_NAME)";
			};
			name = Release;
		};
/* End XCBuildConfiguration section */

/* Begin XCConfigurationList section */
		4DD438C41F97011700490093 /* Build configuration list for PBXProject "Segmentation_ImageAnalysis" */ = {
			isa = XCConfigurationList;
			buildConfigurations = (
				4DD438CE1F97011700490093 /* Debug */,
				4DD438CF1F97011700490093 /* Release */,
			);
			defaultConfigurationIsVisible = 0;
			defaultConfigurationName = Release;
		};
		4DD438D01F97011700490093 /* Build configuration list for PBXNativeTarget "Segmentation_ImageAnalysis" */ = {
			isa = XCConfigurationList;
			buildConfigurations = (
				4DD438D11F97011700490093 /* Debug */,
				4DD438D21F97011700490093 /* Release */,
			);
			defaultConfigurationIsVisible = 0;
			defaultConfigurationName = Release;
		};
/* End XCConfigurationList section */
	};
	rootObject = 4DD438C11F97011700490093 /* Project object */;
}
